{
  "name": "onandoniot",
  "version": "1.0.0",
  "lockfileVersion": 1,
  "requires": true,
  "dependencies": {
    "react-editext": {
      "version": "3.17.1",
      "resolved": "https://registry.npmjs.org/react-editext/-/react-editext-3.17.1.tgz",
      "integrity": "sha512-PO3BUG9pTed43iC6j74rhDGCM+H3cl6HDshjYBVx6d+GP7uDy4VDXTlooQHdEuH8LfK9p6DA056K3oxYtDr2vg=="
    },
    "uniqid": {
      "version": "5.2.0",
      "resolved": "https://registry.npmjs.org/uniqid/-/uniqid-5.2.0.tgz",
      "integrity": "sha512-LH8zsvwJ/GL6YtNfSOmMCrI9piraAUjBfw2MCvleNE6a4pVKJwXjG2+HWhkVeFcSg+nmaPKbMrMOoxwQluZ1Mg=="
    },
    "uuid": {
      "version": "8.3.1",
      "resolved": "https://registry.npmjs.org/uuid/-/uuid-8.3.1.tgz",
      "integrity": "sha512-FOmRr+FmWEIG8uhZv6C2bTgEVXsHk08kE7mPlrBbEe+c3r9pjceVPgupIfNIhc4yx55H69OXANrUaSuu9eInKg=="
    }
  }
}
